// !$*UTF8*$!
{
	archiveVersion = 1;
	classes = {
	};
	objectVersion = 50;
	objects = {

/* Begin PBXBuildFile section */
		F54CE27F26E41EFD00C73C94 /* AppDelegate.swift in Sources */ = {isa = PBXBuildFile; fileRef = F54CE27E26E41EFD00C73C94 /* AppDelegate.swift */; };
		F54CE28126E41EFD00C73C94 /* SceneDelegate.swift in Sources */ = {isa = PBXBuildFile; fileRef = F54CE28026E41EFD00C73C94 /* SceneDelegate.swift */; };
		F54CE28326E41EFD00C73C94 /* ViewController.swift in Sources */ = {isa = PBXBuildFile; fileRef = F54CE28226E41EFD00C73C94 /* ViewController.swift */; };
		F54CE28626E41EFD00C73C94 /* Main.storyboard in Resources */ = {isa = PBXBuildFile; fileRef = F54CE28426E41EFD00C73C94 /* Main.storyboard */; };
		F54CE28826E41EFE00C73C94 /* Assets.xcassets in Resources */ = {isa = PBXBuildFile; fileRef = F54CE28726E41EFE00C73C94 /* Assets.xcassets */; };
		F54CE28B26E41EFE00C73C94 /* LaunchScreen.storyboard in Resources */ = {isa = PBXBuildFile; fileRef = F54CE28926E41EFE00C73C94 /* LaunchScreen.storyboard */; };
/* End PBXBuildFile section */

/* Begin PBXFileReference section */
		F54CE27B26E41EFD00C73C94 /* InAppScreenRecording.app */ = {isa = PBXFileReference; explicitFileType = wrapper.application; includeInIndex = 0; path = InAppScreenRecording.app; sourceTree = BUILT_PRODUCTS_DIR; };
		F54CE27E26E41EFD00C73C94 /* AppDelegate.swift */ = {isa = PBXFileReference; lastKnownFileType = sourcecode.swift; path = AppDelegate.swift; sourceTree = "<group>"; };
		F54CE28026E41EFD00C73C94 /* SceneDelegate.swift */ = {isa = PBXFileReference; lastKnownFileType = sourcecode.swift; path = SceneDelegate.swift; sourceTree = "<group>"; };
		F54CE28226E41EFD00C73C94 /* ViewController.swift */ = {isa = PBXFileReference; lastKnownFileType = sourcecode.swift; path = ViewController.swift; sourceTree = "<group>"; };
		F54CE28526E41EFD00C73C94 /* Base */ = {isa = PBXFileReference; lastKnownFileType = file.storyboard; name = Base; path = Base.lproj/Main.storyboard; sourceTree = "<group>"; };
		F54CE28726E41EFE00C73C94 /* Assets.xcassets */ = {isa = PBXFileReference; lastKnownFileType = folder.assetcatalog; path = Assets.xcassets; sourceTree = "<group>"; };
		F54CE28A26E41EFE00C73C94 /* Base */ = {isa = PBXFileReference; lastKnownFileType = file.storyboard; name = Base; path = Base.lproj/LaunchScreen.storyboard; sourceTree = "<group>"; };
		F54CE28C26E41EFE00C73C94 /* Info.plist */ = {isa = PBXFileReference; lastKnownFileType = text.plist.xml; path = Info.plist; sourceTree = "<group>"; };
/* End PBXFileReference section */

/* Begin PBXFrameworksBuildPhase section */
		F54CE27826E41EFD00C73C94 /* Frameworks */ = {
			isa = PBXFrameworksBuildPhase;
			buildActionMask = 2147483647;
			files = (
			);
			runOnlyForDeploymentPostprocessing = 0;
		};
/* End PBXFrameworksBuildPhase section */

/* Begin PBXGroup section */
		F54CE27226E41EFD00C73C94 = {
			isa = PBXGroup;
			children = (
				F54CE27D26E41EFD00C73C94 /* InAppScreenRecording */,
				F54CE27C26E41EFD00C73C94 /* Products */,
			);
			sourceTree = "<group>";
		};
		F54CE27C26E41EFD00C73C94 /* Products */ = {
			isa = PBXGroup;
			children = (
				F54CE27B26E41EFD00C73C94 /* InAppScreenRecording.app */,
			);
			name = Products;
			sourceTree = "<group>";
		};
		F54CE27D26E41EFD00C73C94 /* InAppScreenRecording */ = {
			isa = PBXGroup;
			children = (
				F54CE27E26E41EFD00C73C94 /* AppDelegate.swift */,
				F54CE28026E41EFD00C73C94 /* SceneDelegate.swift */,
				F54CE28226E41EFD00C73C94 /* ViewController.swift */,
				F54CE28426E41EFD00C73C94 /* Main.storyboard */,
				F54CE28726E41EFE00C73C94 /* Assets.xcassets */,
				F54CE28926E41EFE00C73C94 /* LaunchScreen.storyboard */,
				F54CE28C26E41EFE00C73C94 /* Info.plist */,
			);
			path = InAppScreenRecording;
			sourceTree = "<group>";
		};
/* End PBXGroup section */

/* Begin PBXNativeTarget section */
		F54CE27A26E41EFD00C73C94 /* InAppScreenRecording */ = {
			isa = PBXNativeTarget;
			buildConfigurationList = F54CE28F26E41EFE00C73C94 /* Build configuration list for PBXNativeTarget "InAppScreenRecording" */;
			buildPhases = (
				F54CE27726E41EFD00C73C94 /* Sources */,
				F54CE27826E41EFD00C73C94 /* Frameworks */,
				F54CE27926E41EFD00C73C94 /* Resources */,
			);
			buildRules = (
			);
			dependencies = (
			);
			name = InAppScreenRecording;
			productName = AppScreenRecording;
			productReference = F54CE27B26E41EFD00C73C94 /* InAppScreenRecording.app */;
			productType = "com.apple.product-type.application";
		};
/* End PBXNativeTarget section */

/* Begin PBXProject section */
		F54CE27326E41EFD00C73C94 /* Project object */ = {
			isa = PBXProject;
			attributes = {
				LastSwiftUpdateCheck = 1230;
				LastUpgradeCheck = 1230;
				TargetAttributes = {
					F54CE27A26E41EFD00C73C94 = {
						CreatedOnToolsVersion = 12.3;
					};
				};
			};
			buildConfigurationList = F54CE27626E41EFD00C73C94 /* Build configuration list for PBXProject "InAppScreenRecording" */;
			compatibilityVersion = "Xcode 9.3";
			developmentRegion = en;
			hasScannedForEncodings = 0;
			knownRegions = (
				en,
				Base,
			);
			mainGroup = F54CE27226E41EFD00C73C94;
			productRefGroup = F54CE27C26E41EFD00C73C94 /* Products */;
			projectDirPath = "";
			projectRoot = "";
			targets = (
				F54CE27A26E41EFD00C73C94 /* InAppScreenRecording */,
			);
		};
/* End PBXProject section */

/* Begin PBXResourcesBuildPhase section */
		F54CE27926E41EFD00C73C94 /* Resources */ = {
			isa = PBXResourcesBuildPhase;
			buildActionMask = 2147483647;
			files = (
				F54CE28B26E41EFE00C73C94 /* LaunchScreen.storyboard in Resources */,
				F54CE28826E41EFE00C73C94 /* Assets.xcassets in Resources */,
				F54CE28626E41EFD00C73C94 /* Main.storyboard in Resources */,
			);
			runOnlyForDeploymentPostprocessing = 0;
		};
/* End PBXResourcesBuildPhase section */

/* Begin PBXSourcesBuildPhase section */
		F54CE27726E41EFD00C73C94 /* Sources */ = {
			isa = PBXSourcesBuildPhase;
			buildActionMask = 2147483647;
			files = (
				F54CE28326E41EFD00C73C94 /* ViewController.swift in Sources */,
				F54CE27F26E41EFD00C73C94 /* AppDelegate.swift in Sources */,
				F54CE28126E41EFD00C73C94 /* SceneDelegate.swift in Sources */,
			);
			runOnlyForDeploymentPostprocessing = 0;
		};
/* End PBXSourcesBuildPhase section */

/* Begin PBXVariantGroup section */
		F54CE28426E41EFD00C73C94 /* Main.storyboard */ = {
			isa = PBXVariantGroup;
			children = (
				F54CE28526E41EFD00C73C94 /* Base */,
			);
			name = Main.storyboard;
			sourceTree = "<group>";
		};
		F54CE28926E41EFE00C73C94 /* LaunchScreen.storyboard */ = {
			isa = PBXVariantGroup;
			children = (
				F54CE28A26E41EFE00C73C94 /* Base */,
			);
			name = LaunchScreen.storyboard;
			sourceTree = "<group>";
		};
/* End PBXVariantGroup section */

/* Begin XCBuildConfiguration section */
		F54CE28D26E41EFE00C73C94 /* Debug */ = {
			isa = XCBuildConfiguration;
			buildSettings = {
				ALWAYS_SEARCH_USER_PATHS = NO;
				CLANG_ANALYZER_NONNULL = YES;
				CLANG_ANALYZER_NUMBER_OBJECT_CONVERSION = YES_AGGRESSIVE;
				CLANG_CXX_LANGUAGE_STANDARD = "gnu++14";
				CLANG_CXX_LIBRARY = "libc++";
				CLANG_ENABLE_MODULES = YES;
				CLANG_ENABLE_OBJC_ARC = YES;
				CLANG_ENABLE_OBJC_WEAK = YES;
				CLANG_WARN_BLOCK_CAPTURE_AUTORELEASING = YES;
				CLANG_WARN_BOOL_CONVERSION = YES;
				CLANG_WARN_COMMA = YES;
				CLANG_WARN_CONSTANT_CONVERSION = YES;
				CLANG_WARN_DEPRECATED_OBJC_IMPLEMENTATIONS = YES;
				CLANG_WARN_DIRECT_OBJC_ISA_USAGE = YES_ERROR;
				CLANG_WARN_DOCUMENTATION_COMMENTS = YES;
				CLANG_WARN_EMPTY_BODY = YES;
				CLANG_WARN_ENUM_CONVERSION = YES;
				CLANG_WARN_INFINITE_RECURSION = YES;
				CLANG_WARN_INT_CONVERSION = YES;
				CLANG_WARN_NON_LITERAL_NULL_CONVERSION = YES;
				CLANG_WARN_OBJC_IMPLICIT_RETAIN_SELF = YES;
				CLANG_WARN_OBJC_LITERAL_CONVERSION = YES;
				CLANG_WARN_OBJC_ROOT_CLASS = YES_ERROR;
				CLANG_WARN_QUOTED_INCLUDE_IN_FRAMEWORK_HEADER = YES;
				CLANG_WARN_RANGE_LOOP_ANALYSIS = YES;
				CLANG_WARN_STRICT_PROTOTYPES = YES;
				CLANG_WARN_SUSPICIOUS_MOVE = YES;
				CLANG_WARN_UNGUARDED_AVAILABILITY = YES_AGGRESSIVE;
				CLANG_WARN_UNREACHABLE_CODE = YES;
				CLANG_WARN__DUPLICATE_METHOD_MATCH = YES;
				COPY_PHASE_STRIP = NO;
				DEBUG_INFORMATION_FORMAT = dwarf;
				ENABLE_STRICT_OBJC_MSGSEND = YES;
				ENABLE_TESTABILITY = YES;
				GCC_C_LANGUAGE_STANDARD = gnu11;
				GCC_DYNAMIC_NO_PIC = NO;
				GCC_NO_COMMON_BLOCKS = YES;
				GCC_OPTIMIZATION_LEVEL = 0;
				GCC_PREPROCESSOR_DEFINITIONS = (
					"DEBUG=1",
					"$(inherited)",
				);
				GCC_WARN_64_TO_32_BIT_CONVERSION = YES;
				GCC_WARN_ABOUT_RETURN_TYPE = YES_ERROR;
				GCC_WARN_UNDECLARED_SELECTOR = YES;
				GCC_WARN_UNINITIALIZED_AUTOS = YES_AGGRESSIVE;
				GCC_WARN_UNUSED_FUNCTION = YES;
				GCC_WARN_UNUSED_VARIABLE = YES;
				IPHONEOS_DEPLOYMENT_TARGET = 14.3;
				MTL_ENABLE_DEBUG_INFO = INCLUDE_SOURCE;
				MTL_FAST_MATH = YES;
				ONLY_ACTIVE_ARCH = YES;
				SDKROOT = iphoneos;
				SWIFT_ACTIVE_COMPILATION_CONDITIONS = DEBUG;
				SWIFT_OPTIMIZATION_LEVEL = "-Onone";
			};
			name = Debug;
		};
		F54CE28E26E41EFE00C73C94 /* Release */ = {
			isa = XCBuildConfiguration;
			buildSettings = {
				ALWAYS_SEARCH_USER_PATHS = NO;
				CLANG_ANALYZER_NONNULL = YES;
				CLANG_ANALYZER_NUMBER_OBJECT_CONVERSION = YES_AGGRESSIVE;
				CLANG_CXX_LANGUAGE_STANDARD = "gnu++14";
				CLANG_CXX_LIBRARY = "libc++";
				CLANG_ENABLE_MODULES = YES;
				CLANG_ENABLE_OBJC_ARC = YES;
				CLANG_ENABLE_OBJC_WEAK = YES;
				CLANG_WARN_BLOCK_CAPTURE_AUTORELEASING = YES;
				CLANG_WARN_BOOL_CONVERSION = YES;
				CLANG_WARN_COMMA = YES;
				CLANG_WARN_CONSTANT_CONVERSION = YES;
				CLANG_WARN_DEPRECATED_OBJC_IMPLEMENTATIONS = YES;
				CLANG_WARN_DIRECT_OBJC_ISA_USAGE = YES_ERROR;
				CLANG_WARN_DOCUMENTATION_COMMENTS = YES;
				CLANG_WARN_EMPTY_BODY = YES;
				CLANG_WARN_ENUM_CONVERSION = YES;
				CLANG_WARN_INFINITE_RECURSION = YES;
				CLANG_WARN_INT_CONVERSION = YES;
				CLANG_WARN_NON_LITERAL_NULL_CONVERSION = YES;
				CLANG_WARN_OBJC_IMPLICIT_RETAIN_SELF = YES;
				CLANG_WARN_OBJC_LITERAL_CONVERSION = YES;
				CLANG_WARN_OBJC_ROOT_CLASS = YES_ERROR;
				CLANG_WARN_QUOTED_INCLUDE_IN_FRAMEWORK_HEADER = YES;
				CLANG_WARN_RANGE_LOOP_ANALYSIS = YES;
				CLANG_WARN_STRICT_PROTOTYPES = YES;
				CLANG_WARN_SUSPICIOUS_MOVE = YES;
				CLANG_WARN_UNGUARDED_AVAILABILITY = YES_AGGRESSIVE;
				CLANG_WARN_UNREACHABLE_CODE = YES;
				CLANG_WARN__DUPLICATE_METHOD_MATCH = YES;
				COPY_PHASE_STRIP = NO;
				DEBUG_INFORMATION_FORMAT = "dwarf-with-dsym";
				ENABLE_NS_ASSERTIONS = NO;
				ENABLE_STRICT_OBJC_MSGSEND = YES;
				GCC_C_LANGUAGE_STANDARD = gnu11;
				GCC_NO_COMMON_BLOCKS = YES;
				GCC_WARN_64_TO_32_BIT_CONVERSION = YES;
				GCC_WARN_ABOUT_RETURN_TYPE = YES_ERROR;
				GCC_WARN_UNDECLARED_SELECTOR = YES;
				GCC_WARN_UNINITIALIZED_AUTOS = YES_AGGRESSIVE;
				GCC_WARN_UNUSED_FUNCTION = YES;
				GCC_WARN_UNUSED_VARIABLE = YES;
				IPHONEOS_DEPLOYMENT_TARGET = 14.3;
				MTL_ENABLE_DEBUG_INFO = NO;
				MTL_FAST_MATH = YES;
				SDKROOT = iphoneos;
				SWIFT_COMPILATION_MODE = wholemodule;
				SWIFT_OPTIMIZATION_LEVEL = "-O";
				VALIDATE_PRODUCT = YES;
			};
			name = Release;
		};
		F54CE29026E41EFE00C73C94 /* Debug */ = {
			isa = XCBuildConfiguration;
			buildSettings = {
				ASSETCATALOG_COMPILER_APPICON_NAME = AppIcon;
				ASSETCATALOG_COMPILER_GLOBAL_ACCENT_COLOR_NAME = AccentColor;
				CODE_SIGN_STYLE = Automatic;
				DEVELOPMENT_TEAM = B7772T4P58;
				INFOPLIST_FILE = InAppScreenRecording/Info.plist;
				LD_RUNPATH_SEARCH_PATHS = (
					"$(inherited)",
					"@executable_path/Frameworks",
				);
				PRODUCT_BUNDLE_IDENTIFIER = ahmedabdelkarim.apps.InAppScreenRecording;
				PRODUCT_NAME = "$(TARGET_NAME)";
				SWIFT_VERSION = 5.0;
				TARGETED_DEVICE_FAMILY = "1,2";
			};
			name = Debug;
		};
		F54CE29126E41EFE00C73C94 /* Release */ = {
			isa = XCBuildConfiguration;
			buildSettings = {
				ASSETCATALOG_COMPILER_APPICON_NAME = AppIcon;
				ASSETCATALOG_COMPILER_GLOBAL_ACCENT_COLOR_NAME = AccentColor;
				CODE_SIGN_STYLE = Automatic;
				DEVELOPMENT_TEAM = B7772T4P58;
				INFOPLIST_FILE = InAppScreenRecording/Info.plist;
				LD_RUNPATH_SEARCH_PATHS = (
					"$(inherited)",
					"@executable_path/Frameworks",
				);
				PRODUCT_BUNDLE_IDENTIFIER = ahmedabdelkarim.apps.InAppScreenRecording;
				PRODUCT_NAME = "$(TARGET_NAME)";
				SWIFT_VERSION = 5.0;
				TARGETED_DEVICE_FAMILY = "1,2";
			};
			name = Release;
		};
/* End XCBuildConfiguration section */

/* Begin XCConfigurationList section */
		F54CE27626E41EFD00C73C94 /* Build configuration list for PBXProject "InAppScreenRecording" */ = {
			isa = XCConfigurationList;
			buildConfigurations = (
				F54CE28D26E41EFE00C73C94 /* Debug */,
				F54CE28E26E41EFE00C73C94 /* Release */,
			);
			defaultConfigurationIsVisible = 0;
			defaultConfigurationName = Release;
		};
		F54CE28F26E41EFE00C73C94 /* Build configuration list for PBXNativeTarget "InAppScreenRecording" */ = {
			isa = XCConfigurationList;
			buildConfigurations = (
				F54CE29026E41EFE00C73C94 /* Debug */,
				F54CE29126E41EFE00C73C94 /* Release */,
			);
			defaultConfigurationIsVisible = 0;
			defaultConfigurationName = Release;
		};
/* End XCConfigurationList section */
	};
	rootObject = F54CE27326E41EFD00C73C94 /* Project object */;
}
